{
  "originHash" : "734b738e8088599e931d82f8ab27d5a9961a4b0548b300ebb8501758c62ea39a",
  "pins" : [
    {
      "identity" : "defaults",
      "kind" : "remoteSourceControl",
      "location" : "https://github.com/sindresorhus/Defaults.git",
      "state" : {
        "revision" : "38925e3cfacf3fb89a81a35b1cd44fd5a5b7e0fa",
        "version" : "8.2.0"
      }
    },
    {
      "identity" : "keyboardshortcuts",
      "kind" : "remoteSourceControl",
      "location" : "https://github.com/sindresorhus/KeyboardShortcuts.git",
      "state" : {
        "revision" : "49c3fc04ea827f816df67843bfcc57286b47ff06",
        "version" : "3.0.1"
      }
    },
    {
      "identity" : "pow",
      "kind" : "remoteSourceControl",
      "location" : "https://github.com/EmergeTools/Pow.git",
      "state" : {
        "revision" : "1b4b1dda28c50b95f0872927ee2226fe8b58950e",
        "version" : "1.0.6"
      }
    },
    {
      "identity" : "sfsafesymbols",
      "kind" : "remoteSourceControl",
      "location" : "https://github.com/SFSafeSymbols/SFSafeSymbols.git",
      "state" : {
        "revision" : "e01b3d4f861412f8dcee8d93c417d2c2b0cdfd77",
        "version" : "7.0.0"
      }
    },
    {
      "identity" : "swift-concurrency-extras",
      "kind" : "remoteSourceControl",
      "location" : "https://github.com/pointfreeco/swift-concurrency-extras",
      "state" : {
        "revision" : "a90e2e40a7a840a853dd29e57cbef5dbb72c9d5b",
        "version" : "1.4.0"
      }
    },
    {
      "identity" : "swiftui-introspect",
      "kind" : "remoteSourceControl",
      "location" : "https://github.com/siteline/swiftui-introspect.git",
      "state" : {
        "revision" : "26986a57e31c813f98262ddb62d4b07d40008535",
        "version" : "26.0.1"
      }
    },
    {
      "identity" : "swiftui-math",
      "kind" : "remoteSourceControl",
      "location" : "https://github.com/gonzalezreal/swiftui-math",
      "state" : {
        "revision" : "0b5c2cfaaec8d6193db206f675048eeb5ce95f71",
        "version" : "0.1.0"
      }
    },
    {
      "identity" : "textual",
      "kind" : "remoteSourceControl",
      "location" : "https://github.com/gonzalezreal/textual.git",
      "state" : {
        "revision" : "01b51875a5406eefc95f52a058cb059e7bc94dc4",
        "version" : "0.5.0"
      }
    }
  ],
  "version" : 3
}
